
Microsoft Visual Studio Solution File, Format Version 12.00
# Visual Studio Version 17
VisualStudioVersion = 17.7.34202.233
MinimumVisualStudioVersion = 10.0.40219.1
Project("{FAE04EC0-301F-11D3-BF4B-00C04F79EFBC}") = "Project2", "Project2\Project2.csproj", "{38B7E616-5935-4113-B07A-FB7A3383A62E}"
EndProject
Global
	GlobalSection(SolutionConfigurationPlatforms) = preSolution
		Debug|Any CPU = Debug|Any CPU
		Release|Any CPU = Release|Any CPU
	EndGlobalSection
	GlobalSection(ProjectConfigurationPlatforms) = postSolution
		{38B7E616-5935-4113-B07A-FB7A3383A62E}.Debug|Any CPU.ActiveCfg = Debug|Any CPU
		{38B7E616-5935-4113-B07A-FB7A3383A62E}.Debug|Any CPU.Build.0 = Debug|Any CPU
		{38B7E616-5935-4113-B07A-FB7A3383A62E}.Release|Any CPU.ActiveCfg = Release|Any CPU
		{38B7E616-5935-4113-B07A-FB7A3383A62E}.Release|Any CPU.Build.0 = Release|Any CPU
	EndGlobalSection
	GlobalSection(SolutionProperties) = preSolution
		HideSolutionNode = FALSE
	EndGlobalSection
	GlobalSection(ExtensibilityGlobals) = postSolution
		SolutionGuid = {E760C48E-BDAA-4470-B4B0-132F89ABD9C6}
	EndGlobalSection
EndGlobal
